// !$*UTF8*$!
{
	archiveVersion = 1;
	classes = {
	};
	objectVersion = 56;
	objects = {

/* Begin PBXBuildFile section */
		C13D49ED2EAD483C005C30E4 /* portfolioApp.swift in Sources */ = {isa = PBXBuildFile; fileRef = C13D49EC2EAD483C005C30E4 /* portfolioApp.swift */; };
		C13D49F12EAD483F005C30E4 /* Assets.xcassets in Resources */ = {isa = PBXBuildFile; fileRef = C13D49F02EAD483F005C30E4 /* Assets.xcassets */; };
		C13D49F42EAD483F005C30E4 /* Preview Assets.xcassets in Resources */ = {isa = PBXBuildFile; fileRef = C13D49F32EAD483F005C30E4 /* Preview Assets.xcassets */; };
		C13D49FE2EAD483F005C30E4 /* portfolioTests.swift in Sources */ = {isa = PBXBuildFile; fileRef = C13D49FD2EAD483F005C30E4 /* portfolioTests.swift */; };
		C13D4A082EAD483F005C30E4 /* portfolioUITests.swift in Sources */ = {isa = PBXBuildFile; fileRef = C13D4A072EAD483F005C30E4 /* portfolioUITests.swift */; };
		C13D4A0A2EAD483F005C30E4 /* portfolioUITestsLaunchTests.swift in Sources */ = {isa = PBXBuildFile; fileRef = C13D4A092EAD483F005C30E4 /* portfolioUITestsLaunchTests.swift */; };
		C13D4A172EAD5446005C30E4 /* SkillsView.swift in Sources */ = {isa = PBXBuildFile; fileRef = C13D4A162EAD5446005C30E4 /* SkillsView.swift */; };
		C13D4A1A2EAF8E58005C30E4 /* HeaderView.swift in Sources */ = {isa = PBXBuildFile; fileRef = C13D4A192EAF8E58005C30E4 /* HeaderView.swift */; };
		C13D4A1C2EAF8E8A005C30E4 /* HeroView.swift in Sources */ = {isa = PBXBuildFile; fileRef = C13D4A1B2EAF8E8A005C30E4 /* HeroView.swift */; };
		C13D4A1E2EAF8EB8005C30E4 /* AboutSection.swift in Sources */ = {isa = PBXBuildFile; fileRef = C13D4A1D2EAF8EB8005C30E4 /* AboutSection.swift */; };
		C13D4A202EAF8EE6005C30E4 /* ContactSection.swift in Sources */ = {isa = PBXBuildFile; fileRef = C13D4A1F2EAF8EE6005C30E4 /* ContactSection.swift */; };
		C13D4A242EAF8F79005C30E4 /* SocialIcon.swift in Sources */ = {isa = PBXBuildFile; fileRef = C13D4A232EAF8F79005C30E4 /* SocialIcon.swift */; };
		C13D4A262EAF8F98005C30E4 /* ContentView.swift in Sources */ = {isa = PBXBuildFile; fileRef = C13D4A252EAF8F98005C30E4 /* ContentView.swift */; };
		C13D4A292EAF95ED005C30E4 /* PortfolioModel.swift in Sources */ = {isa = PBXBuildFile; fileRef = C13D4A282EAF95ED005C30E4 /* PortfolioModel.swift */; };
		C13D4A2C2EAF9699005C30E4 /* PortfolioViewModel.swift in Sources */ = {isa = PBXBuildFile; fileRef = C13D4A2B2EAF9699005C30E4 /* PortfolioViewModel.swift */; };
		C13D4A322EAFF163005C30E4 /* SkillModel.swift in Sources */ = {isa = PBXBuildFile; fileRef = C13D4A312EAFF163005C30E4 /* SkillModel.swift */; };
/* End PBXBuildFile section */

/* Begin PBXContainerItemProxy section */
		C13D49FA2EAD483F005C30E4 /* PBXContainerItemProxy */ = {
			isa = PBXContainerItemProxy;
			containerPortal = C13D49E12EAD483C005C30E4 /* Project object */;
			proxyType = 1;
			remoteGlobalIDString = C13D49E82EAD483C005C30E4;
			remoteInfo = portfolio;
		};
		C13D4A042EAD483F005C30E4 /* PBXContainerItemProxy */ = {
			isa = PBXContainerItemProxy;
			containerPortal = C13D49E12EAD483C005C30E4 /* Project object */;
			proxyType = 1;
			remoteGlobalIDString = C13D49E82EAD483C005C30E4;
			remoteInfo = portfolio;
		};
/* End PBXContainerItemProxy section */

/* Begin PBXFileReference section */
		C13D49E92EAD483C005C30E4 /* portfolio.app */ = {isa = PBXFileReference; explicitFileType = wrapper.application; includeInIndex = 0; path = portfolio.app; sourceTree = BUILT_PRODUCTS_DIR; };
		C13D49EC2EAD483C005C30E4 /* portfolioApp.swift */ = {isa = PBXFileReference; lastKnownFileType = sourcecode.swift; path = portfolioApp.swift; sourceTree = "<group>"; };
		C13D49F02EAD483F005C30E4 /* Assets.xcassets */ = {isa = PBXFileReference; lastKnownFileType = folder.assetcatalog; path = Assets.xcassets; sourceTree = "<group>"; };
		C13D49F32EAD483F005C30E4 /* Preview Assets.xcassets */ = {isa = PBXFileReference; lastKnownFileType = folder.assetcatalog; path = "Preview Assets.xcassets"; sourceTree = "<group>"; };
		C13D49F92EAD483F005C30E4 /* portfolioTests.xctest */ = {isa = PBXFileReference; explicitFileType = wrapper.cfbundle; includeInIndex = 0; path = portfolioTests.xctest; sourceTree = BUILT_PRODUCTS_DIR; };
		C13D49FD2EAD483F005C30E4 /* portfolioTests.swift */ = {isa = PBXFileReference; lastKnownFileType = sourcecode.swift; path = portfolioTests.swift; sourceTree = "<group>"; };
		C13D4A032EAD483F005C30E4 /* portfolioUITests.xctest */ = {isa = PBXFileReference; explicitFileType = wrapper.cfbundle; includeInIndex = 0; path = portfolioUITests.xctest; sourceTree = BUILT_PRODUCTS_DIR; };
		C13D4A072EAD483F005C30E4 /* portfolioUITests.swift */ = {isa = PBXFileReference; lastKnownFileType = sourcecode.swift; path = portfolioUITests.swift; sourceTree = "<group>"; };
		C13D4A092EAD483F005C30E4 /* portfolioUITestsLaunchTests.swift */ = {isa = PBXFileReference; lastKnownFileType = sourcecode.swift; path = portfolioUITestsLaunchTests.swift; sourceTree = "<group>"; };
		C13D4A162EAD5446005C30E4 /* SkillsView.swift */ = {isa = PBXFileReference; lastKnownFileType = sourcecode.swift; path = SkillsView.swift; sourceTree = "<group>"; };
		C13D4A192EAF8E58005C30E4 /* HeaderView.swift */ = {isa = PBXFileReference; lastKnownFileType = sourcecode.swift; path = HeaderView.swift; sourceTree = "<group>"; };
		C13D4A1B2EAF8E8A005C30E4 /* HeroView.swift */ = {isa = PBXFileReference; lastKnownFileType = sourcecode.swift; path = HeroView.swift; sourceTree = "<group>"; };
		C13D4A1D2EAF8EB8005C30E4 /* AboutSection.swift */ = {isa = PBXFileReference; lastKnownFileType = sourcecode.swift; path = AboutSection.swift; sourceTree = "<group>"; };
		C13D4A1F2EAF8EE6005C30E4 /* ContactSection.swift */ = {isa = PBXFileReference; lastKnownFileType = sourcecode.swift; path = ContactSection.swift; sourceTree = "<group>"; };
		C13D4A232EAF8F79005C30E4 /* SocialIcon.swift */ = {isa = PBXFileReference; lastKnownFileType = sourcecode.swift; path = SocialIcon.swift; sourceTree = "<group>"; };
		C13D4A252EAF8F98005C30E4 /* ContentView.swift */ = {isa = PBXFileReference; lastKnownFileType = sourcecode.swift; path = ContentView.swift; sourceTree = "<group>"; };
		C13D4A282EAF95ED005C30E4 /* PortfolioModel.swift */ = {isa = PBXFileReference; lastKnownFileType = sourcecode.swift; path = PortfolioModel.swift; sourceTree = "<group>"; };
		C13D4A2B2EAF9699005C30E4 /* PortfolioViewModel.swift */ = {isa = PBXFileReference; lastKnownFileType = sourcecode.swift; path = PortfolioViewModel.swift; sourceTree = "<group>"; };
		C13D4A312EAFF163005C30E4 /* SkillModel.swift */ = {isa = PBXFileReference; lastKnownFileType = sourcecode.swift; path = SkillModel.swift; sourceTree = "<group>"; };
/* End PBXFileReference section */

/* Begin PBXFrameworksBuildPhase section */
		C13D49E62EAD483C005C30E4 /* Frameworks */ = {
			isa = PBXFrameworksBuildPhase;
			buildActionMask = 2147483647;
			files = (
			);
			runOnlyForDeploymentPostprocessing = 0;
		};
		C13D49F62EAD483F005C30E4 /* Frameworks */ = {
			isa = PBXFrameworksBuildPhase;
			buildActionMask = 2147483647;
			files = (
			);
			runOnlyForDeploymentPostprocessing = 0;
		};
		C13D4A002EAD483F005C30E4 /* Frameworks */ = {
			isa = PBXFrameworksBuildPhase;
			buildActionMask = 2147483647;
			files = (
			);
			runOnlyForDeploymentPostprocessing = 0;
		};
/* End PBXFrameworksBuildPhase section */

/* Begin PBXGroup section */
		C13D49E02EAD483C005C30E4 = {
			isa = PBXGroup;
			children = (
				C13D49EB2EAD483C005C30E4 /* portfolio */,
				C13D49FC2EAD483F005C30E4 /* portfolioTests */,
				C13D4A062EAD483F005C30E4 /* portfolioUITests */,
				C13D49EA2EAD483C005C30E4 /* Products */,
			);
			sourceTree = "<group>";
		};
		C13D49EA2EAD483C005C30E4 /* Products */ = {
			isa = PBXGroup;
			children = (
				C13D49E92EAD483C005C30E4 /* portfolio.app */,
				C13D49F92EAD483F005C30E4 /* portfolioTests.xctest */,
				C13D4A032EAD483F005C30E4 /* portfolioUITests.xctest */,
			);
			name = Products;
			sourceTree = "<group>";
		};
		C13D49EB2EAD483C005C30E4 /* portfolio */ = {
			isa = PBXGroup;
			children = (
				C13D4A2A2EAF965B005C30E4 /* ViewModels */,
				C13D4A272EAF95D4005C30E4 /* models */,
				C13D4A182EAF8E2E005C30E4 /* homepage */,
				C13D49EC2EAD483C005C30E4 /* portfolioApp.swift */,
				C13D4A162EAD5446005C30E4 /* SkillsView.swift */,
				C13D49F02EAD483F005C30E4 /* Assets.xcassets */,
				C13D49F22EAD483F005C30E4 /* Preview Content */,
				C13D4A252EAF8F98005C30E4 /* ContentView.swift */,
			);
			path = portfolio;
			sourceTree = "<group>";
		};
		C13D49F22EAD483F005C30E4 /* Preview Content */ = {
			isa = PBXGroup;
			children = (
				C13D49F32EAD483F005C30E4 /* Preview Assets.xcassets */,
			);
			path = "Preview Content";
			sourceTree = "<group>";
		};
		C13D49FC2EAD483F005C30E4 /* portfolioTests */ = {
			isa = PBXGroup;
			children = (
				C13D49FD2EAD483F005C30E4 /* portfolioTests.swift */,
			);
			path = portfolioTests;
			sourceTree = "<group>";
		};
		C13D4A062EAD483F005C30E4 /* portfolioUITests */ = {
			isa = PBXGroup;
			children = (
				C13D4A072EAD483F005C30E4 /* portfolioUITests.swift */,
				C13D4A092EAD483F005C30E4 /* portfolioUITestsLaunchTests.swift */,
			);
			path = portfolioUITests;
			sourceTree = "<group>";
		};
		C13D4A182EAF8E2E005C30E4 /* homepage */ = {
			isa = PBXGroup;
			children = (
				C13D4A192EAF8E58005C30E4 /* HeaderView.swift */,
				C13D4A1B2EAF8E8A005C30E4 /* HeroView.swift */,
				C13D4A1D2EAF8EB8005C30E4 /* AboutSection.swift */,
				C13D4A1F2EAF8EE6005C30E4 /* ContactSection.swift */,
				C13D4A232EAF8F79005C30E4 /* SocialIcon.swift */,
			);
			path = homepage;
			sourceTree = "<group>";
		};
		C13D4A272EAF95D4005C30E4 /* models */ = {
			isa = PBXGroup;
			children = (
				C13D4A282EAF95ED005C30E4 /* PortfolioModel.swift */,
				C13D4A312EAFF163005C30E4 /* SkillModel.swift */,
			);
			path = models;
			sourceTree = "<group>";
		};
		C13D4A2A2EAF965B005C30E4 /* ViewModels */ = {
			isa = PBXGroup;
			children = (
				C13D4A2B2EAF9699005C30E4 /* PortfolioViewModel.swift */,
			);
			path = ViewModels;
			sourceTree = "<group>";
		};
/* End PBXGroup section */

/* Begin PBXNativeTarget section */
		C13D49E82EAD483C005C30E4 /* portfolio */ = {
			isa = PBXNativeTarget;
			buildConfigurationList = C13D4A0D2EAD483F005C30E4 /* Build configuration list for PBXNativeTarget "portfolio" */;
			buildPhases = (
				C13D49E52EAD483C005C30E4 /* Sources */,
				C13D49E62EAD483C005C30E4 /* Frameworks */,
				C13D49E72EAD483C005C30E4 /* Resources */,
			);
			buildRules = (
			);
			dependencies = (
			);
			name = portfolio;
			productName = portfolio;
			productReference = C13D49E92EAD483C005C30E4 /* portfolio.app */;
			productType = "com.apple.product-type.application";
		};
		C13D49F82EAD483F005C30E4 /* portfolioTests */ = {
			isa = PBXNativeTarget;
			buildConfigurationList = C13D4A102EAD483F005C30E4 /* Build configuration list for PBXNativeTarget "portfolioTests" */;
			buildPhases = (
				C13D49F52EAD483F005C30E4 /* Sources */,
				C13D49F62EAD483F005C30E4 /* Frameworks */,
				C13D49F72EAD483F005C30E4 /* Resources */,
			);
			buildRules = (
			);
			dependencies = (
				C13D49FB2EAD483F005C30E4 /* PBXTargetDependency */,
			);
			name = portfolioTests;
			productName = portfolioTests;
			productReference = C13D49F92EAD483F005C30E4 /* portfolioTests.xctest */;
			productType = "com.apple.product-type.bundle.unit-test";
		};
		C13D4A022EAD483F005C30E4 /* portfolioUITests */ = {
			isa = PBXNativeTarget;
			buildConfigurationList = C13D4A132EAD483F005C30E4 /* Build configuration list for PBXNativeTarget "portfolioUITests" */;
			buildPhases = (
				C13D49FF2EAD483F005C30E4 /* Sources */,
				C13D4A002EAD483F005C30E4 /* Frameworks */,
				C13D4A012EAD483F005C30E4 /* Resources */,
			);
			buildRules = (
			);
			dependencies = (
				C13D4A052EAD483F005C30E4 /* PBXTargetDependency */,
			);
			name = portfolioUITests;
			productName = portfolioUITests;
			productReference = C13D4A032EAD483F005C30E4 /* portfolioUITests.xctest */;
			productType = "com.apple.product-type.bundle.ui-testing";
		};
/* End PBXNativeTarget section */

/* Begin PBXProject section */
		C13D49E12EAD483C005C30E4 /* Project object */ = {
			isa = PBXProject;
			attributes = {
				BuildIndependentTargetsInParallel = 1;
				LastSwiftUpdateCheck = 1430;
				LastUpgradeCheck = 1430;
				TargetAttributes = {
					C13D49E82EAD483C005C30E4 = {
						CreatedOnToolsVersion = 14.3.1;
					};
					C13D49F82EAD483F005C30E4 = {
						CreatedOnToolsVersion = 14.3.1;
						TestTargetID = C13D49E82EAD483C005C30E4;
					};
					C13D4A022EAD483F005C30E4 = {
						CreatedOnToolsVersion = 14.3.1;
						TestTargetID = C13D49E82EAD483C005C30E4;
					};
				};
			};
			buildConfigurationList = C13D49E42EAD483C005C30E4 /* Build configuration list for PBXProject "portfolio" */;
			compatibilityVersion = "Xcode 14.0";
			developmentRegion = en;
			hasScannedForEncodings = 0;
			knownRegions = (
				en,
				Base,
			);
			mainGroup = C13D49E02EAD483C005C30E4;
			productRefGroup = C13D49EA2EAD483C005C30E4 /* Products */;
			projectDirPath = "";
			projectRoot = "";
			targets = (
				C13D49E82EAD483C005C30E4 /* portfolio */,
				C13D49F82EAD483F005C30E4 /* portfolioTests */,
				C13D4A022EAD483F005C30E4 /* portfolioUITests */,
			);
		};
/* End PBXProject section */

/* Begin PBXResourcesBuildPhase section */
		C13D49E72EAD483C005C30E4 /* Resources */ = {
			isa = PBXResourcesBuildPhase;
			buildActionMask = 2147483647;
			files = (
				C13D49F42EAD483F005C30E4 /* Preview Assets.xcassets in Resources */,
				C13D49F12EAD483F005C30E4 /* Assets.xcassets in Resources */,
			);
			runOnlyForDeploymentPostprocessing = 0;
		};
		C13D49F72EAD483F005C30E4 /* Resources */ = {
			isa = PBXResourcesBuildPhase;
			buildActionMask = 2147483647;
			files = (
			);
			runOnlyForDeploymentPostprocessing = 0;
		};
		C13D4A012EAD483F005C30E4 /* Resources */ = {
			isa = PBXResourcesBuildPhase;
			buildActionMask = 2147483647;
			files = (
			);
			runOnlyForDeploymentPostprocessing = 0;
		};
/* End PBXResourcesBuildPhase section */

/* Begin PBXSourcesBuildPhase section */
		C13D49E52EAD483C005C30E4 /* Sources */ = {
			isa = PBXSourcesBuildPhase;
			buildActionMask = 2147483647;
			files = (
				C13D4A202EAF8EE6005C30E4 /* ContactSection.swift in Sources */,
				C13D4A172EAD5446005C30E4 /* SkillsView.swift in Sources */,
				C13D4A262EAF8F98005C30E4 /* ContentView.swift in Sources */,
				C13D4A242EAF8F79005C30E4 /* SocialIcon.swift in Sources */,
				C13D49ED2EAD483C005C30E4 /* portfolioApp.swift in Sources */,
				C13D4A1A2EAF8E58005C30E4 /* HeaderView.swift in Sources */,
				C13D4A292EAF95ED005C30E4 /* PortfolioModel.swift in Sources */,
				C13D4A1C2EAF8E8A005C30E4 /* HeroView.swift in Sources */,
				C13D4A1E2EAF8EB8005C30E4 /* AboutSection.swift in Sources */,
				C13D4A2C2EAF9699005C30E4 /* PortfolioViewModel.swift in Sources */,
				C13D4A322EAFF163005C30E4 /* SkillModel.swift in Sources */,
			);
			runOnlyForDeploymentPostprocessing = 0;
		};
		C13D49F52EAD483F005C30E4 /* Sources */ = {
			isa = PBXSourcesBuildPhase;
			buildActionMask = 2147483647;
			files = (
				C13D49FE2EAD483F005C30E4 /* portfolioTests.swift in Sources */,
			);
			runOnlyForDeploymentPostprocessing = 0;
		};
		C13D49FF2EAD483F005C30E4 /* Sources */ = {
			isa = PBXSourcesBuildPhase;
			buildActionMask = 2147483647;
			files = (
				C13D4A082EAD483F005C30E4 /* portfolioUITests.swift in Sources */,
				C13D4A0A2EAD483F005C30E4 /* portfolioUITestsLaunchTests.swift in Sources */,
			);
			runOnlyForDeploymentPostprocessing = 0;
		};
/* End PBXSourcesBuildPhase section */

/* Begin PBXTargetDependency section */
		C13D49FB2EAD483F005C30E4 /* PBXTargetDependency */ = {
			isa = PBXTargetDependency;
			target = C13D49E82EAD483C005C30E4 /* portfolio */;
			targetProxy = C13D49FA2EAD483F005C30E4 /* PBXContainerItemProxy */;
		};
		C13D4A052EAD483F005C30E4 /* PBXTargetDependency */ = {
			isa = PBXTargetDependency;
			target = C13D49E82EAD483C005C30E4 /* portfolio */;
			targetProxy = C13D4A042EAD483F005C30E4 /* PBXContainerItemProxy */;
		};
/* End PBXTargetDependency section */

/* Begin XCBuildConfiguration section */
		C13D4A0B2EAD483F005C30E4 /* Debug */ = {
			isa = XCBuildConfiguration;
			buildSettings = {
				ALWAYS_SEARCH_USER_PATHS = NO;
				CLANG_ANALYZER_NONNULL = YES;
				CLANG_ANALYZER_NUMBER_OBJECT_CONVERSION = YES_AGGRESSIVE;
				CLANG_CXX_LANGUAGE_STANDARD = "gnu++20";
				CLANG_ENABLE_MODULES = YES;
				CLANG_ENABLE_OBJC_ARC = YES;
				CLANG_ENABLE_OBJC_WEAK = YES;
				CLANG_WARN_BLOCK_CAPTURE_AUTORELEASING = YES;
				CLANG_WARN_BOOL_CONVERSION = YES;
				CLANG_WARN_COMMA = YES;
				CLANG_WARN_CONSTANT_CONVERSION = YES;
				CLANG_WARN_DEPRECATED_OBJC_IMPLEMENTATIONS = YES;
				CLANG_WARN_DIRECT_OBJC_ISA_USAGE = YES_ERROR;
				CLANG_WARN_DOCUMENTATION_COMMENTS = YES;
				CLANG_WARN_EMPTY_BODY = YES;
				CLANG_WARN_ENUM_CONVERSION = YES;
				CLANG_WARN_INFINITE_RECURSION = YES;
				CLANG_WARN_INT_CONVERSION = YES;
				CLANG_WARN_NON_LITERAL_NULL_CONVERSION = YES;
				CLANG_WARN_OBJC_IMPLICIT_RETAIN_SELF = YES;
				CLANG_WARN_OBJC_LITERAL_CONVERSION = YES;
				CLANG_WARN_OBJC_ROOT_CLASS = YES_ERROR;
				CLANG_WARN_QUOTED_INCLUDE_IN_FRAMEWORK_HEADER = YES;
				CLANG_WARN_RANGE_LOOP_ANALYSIS = YES;
				CLANG_WARN_STRICT_PROTOTYPES = YES;
				CLANG_WARN_SUSPICIOUS_MOVE = YES;
				CLANG_WARN_UNGUARDED_AVAILABILITY = YES_AGGRESSIVE;
				CLANG_WARN_UNREACHABLE_CODE = YES;
				CLANG_WARN__DUPLICATE_METHOD_MATCH = YES;
				COPY_PHASE_STRIP = NO;
				DEBUG_INFORMATION_FORMAT = dwarf;
				ENABLE_STRICT_OBJC_MSGSEND = YES;
				ENABLE_TESTABILITY = YES;
				GCC_C_LANGUAGE_STANDARD = gnu11;
				GCC_DYNAMIC_NO_PIC = NO;
				GCC_NO_COMMON_BLOCKS = YES;
				GCC_OPTIMIZATION_LEVEL = 0;
				GCC_PREPROCESSOR_DEFINITIONS = (
					"DEBUG=1",
					"$(inherited)",
				);
				GCC_WARN_64_TO_32_BIT_CONVERSION = YES;
				GCC_WARN_ABOUT_RETURN_TYPE = YES_ERROR;
				GCC_WARN_UNDECLARED_SELECTOR = YES;
				GCC_WARN_UNINITIALIZED_AUTOS = YES_AGGRESSIVE;
				GCC_WARN_UNUSED_FUNCTION = YES;
				GCC_WARN_UNUSED_VARIABLE = YES;
				IPHONEOS_DEPLOYMENT_TARGET = 16.4;
				MTL_ENABLE_DEBUG_INFO = INCLUDE_SOURCE;
				MTL_FAST_MATH = YES;
				ONLY_ACTIVE_ARCH = YES;
				SDKROOT = iphoneos;
				SWIFT_ACTIVE_COMPILATION_CONDITIONS = DEBUG;
				SWIFT_OPTIMIZATION_LEVEL = "-Onone";
			};
			name = Debug;
		};
		C13D4A0C2EAD483F005C30E4 /* Release */ = {
			isa = XCBuildConfiguration;
			buildSettings = {
				ALWAYS_SEARCH_USER_PATHS = NO;
				CLANG_ANALYZER_NONNULL = YES;
				CLANG_ANALYZER_NUMBER_OBJECT_CONVERSION = YES_AGGRESSIVE;
				CLANG_CXX_LANGUAGE_STANDARD = "gnu++20";
				CLANG_ENABLE_MODULES = YES;
				CLANG_ENABLE_OBJC_ARC = YES;
				CLANG_ENABLE_OBJC_WEAK = YES;
				CLANG_WARN_BLOCK_CAPTURE_AUTORELEASING = YES;
				CLANG_WARN_BOOL_CONVERSION = YES;
				CLANG_WARN_COMMA = YES;
				CLANG_WARN_CONSTANT_CONVERSION = YES;
				CLANG_WARN_DEPRECATED_OBJC_IMPLEMENTATIONS = YES;
				CLANG_WARN_DIRECT_OBJC_ISA_USAGE = YES_ERROR;
				CLANG_WARN_DOCUMENTATION_COMMENTS = YES;
				CLANG_WARN_EMPTY_BODY = YES;
				CLANG_WARN_ENUM_CONVERSION = YES;
				CLANG_WARN_INFINITE_RECURSION = YES;
				CLANG_WARN_INT_CONVERSION = YES;
				CLANG_WARN_NON_LITERAL_NULL_CONVERSION = YES;
				CLANG_WARN_OBJC_IMPLICIT_RETAIN_SELF = YES;
				CLANG_WARN_OBJC_LITERAL_CONVERSION = YES;
				CLANG_WARN_OBJC_ROOT_CLASS = YES_ERROR;
				CLANG_WARN_QUOTED_INCLUDE_IN_FRAMEWORK_HEADER = YES;
				CLANG_WARN_RANGE_LOOP_ANALYSIS = YES;
				CLANG_WARN_STRICT_PROTOTYPES = YES;
				CLANG_WARN_SUSPICIOUS_MOVE = YES;
				CLANG_WARN_UNGUARDED_AVAILABILITY = YES_AGGRESSIVE;
				CLANG_WARN_UNREACHABLE_CODE = YES;
				CLANG_WARN__DUPLICATE_METHOD_MATCH = YES;
				COPY_PHASE_STRIP = NO;
				DEBUG_INFORMATION_FORMAT = "dwarf-with-dsym";
				ENABLE_NS_ASSERTIONS = NO;
				ENABLE_STRICT_OBJC_MSGSEND = YES;
				GCC_C_LANGUAGE_STANDARD = gnu11;
				GCC_NO_COMMON_BLOCKS = YES;
				GCC_WARN_64_TO_32_BIT_CONVERSION = YES;
				GCC_WARN_ABOUT_RETURN_TYPE = YES_ERROR;
				GCC_WARN_UNDECLARED_SELECTOR = YES;
				GCC_WARN_UNINITIALIZED_AUTOS = YES_AGGRESSIVE;
				GCC_WARN_UNUSED_FUNCTION = YES;
				GCC_WARN_UNUSED_VARIABLE = YES;
				IPHONEOS_DEPLOYMENT_TARGET = 16.4;
				MTL_ENABLE_DEBUG_INFO = NO;
				MTL_FAST_MATH = YES;
				SDKROOT = iphoneos;
				SWIFT_COMPILATION_MODE = wholemodule;
				SWIFT_OPTIMIZATION_LEVEL = "-O";
				VALIDATE_PRODUCT = YES;
			};
			name = Release;
		};
		C13D4A0E2EAD483F005C30E4 /* Debug */ = {
			isa = XCBuildConfiguration;
			buildSettings = {
				ASSETCATALOG_COMPILER_APPICON_NAME = AppIcon;
				ASSETCATALOG_COMPILER_GLOBAL_ACCENT_COLOR_NAME = AccentColor;
				CODE_SIGN_STYLE = Automatic;
				CURRENT_PROJECT_VERSION = 1;
				DEVELOPMENT_ASSET_PATHS = "\"portfolio/Preview Content\"";
				DEVELOPMENT_TEAM = G6ZH4S44WH;
				ENABLE_PREVIEWS = YES;
				GENERATE_INFOPLIST_FILE = YES;
				INFOPLIST_KEY_UIApplicationSceneManifest_Generation = YES;
				INFOPLIST_KEY_UIApplicationSupportsIndirectInputEvents = YES;
				INFOPLIST_KEY_UILaunchScreen_Generation = YES;
				INFOPLIST_KEY_UISupportedInterfaceOrientations_iPad = "UIInterfaceOrientationPortrait UIInterfaceOrientationPortraitUpsideDown UIInterfaceOrientationLandscapeLeft UIInterfaceOrientationLandscapeRight";
				INFOPLIST_KEY_UISupportedInterfaceOrientations_iPhone = "UIInterfaceOrientationPortrait UIInterfaceOrientationLandscapeLeft UIInterfaceOrientationLandscapeRight";
				LD_RUNPATH_SEARCH_PATHS = (
					"$(inherited)",
					"@executable_path/Frameworks",
				);
				MARKETING_VERSION = 1.0;
				PRODUCT_BUNDLE_IDENTIFIER = com.aquicreamos.portfolio;
				PRODUCT_NAME = "$(TARGET_NAME)";
				SWIFT_EMIT_LOC_STRINGS = YES;
				SWIFT_VERSION = 5.0;
				TARGETED_DEVICE_FAMILY = "1,2";
			};
			name = Debug;
		};
		C13D4A0F2EAD483F005C30E4 /* Release */ = {
			isa = XCBuildConfiguration;
			buildSettings = {
				ASSETCATALOG_COMPILER_APPICON_NAME = AppIcon;
				ASSETCATALOG_COMPILER_GLOBAL_ACCENT_COLOR_NAME = AccentColor;
				CODE_SIGN_STYLE = Automatic;
				CURRENT_PROJECT_VERSION = 1;
				DEVELOPMENT_ASSET_PATHS = "\"portfolio/Preview Content\"";
				DEVELOPMENT_TEAM = G6ZH4S44WH;
				ENABLE_PREVIEWS = YES;
				GENERATE_INFOPLIST_FILE = YES;
				INFOPLIST_KEY_UIApplicationSceneManifest_Generation = YES;
				INFOPLIST_KEY_UIApplicationSupportsIndirectInputEvents = YES;
				INFOPLIST_KEY_UILaunchScreen_Generation = YES;
				INFOPLIST_KEY_UISupportedInterfaceOrientations_iPad = "UIInterfaceOrientationPortrait UIInterfaceOrientationPortraitUpsideDown UIInterfaceOrientationLandscapeLeft UIInterfaceOrientationLandscapeRight";
				INFOPLIST_KEY_UISupportedInterfaceOrientations_iPhone = "UIInterfaceOrientationPortrait UIInterfaceOrientationLandscapeLeft UIInterfaceOrientationLandscapeRight";
				LD_RUNPATH_SEARCH_PATHS = (
					"$(inherited)",
					"@executable_path/Frameworks",
				);
				MARKETING_VERSION = 1.0;
				PRODUCT_BUNDLE_IDENTIFIER = com.aquicreamos.portfolio;
				PRODUCT_NAME = "$(TARGET_NAME)";
				SWIFT_EMIT_LOC_STRINGS = YES;
				SWIFT_VERSION = 5.0;
				TARGETED_DEVICE_FAMILY = "1,2";
			};
			name = Release;
		};
		C13D4A112EAD483F005C30E4 /* Debug */ = {
			isa = XCBuildConfiguration;
			buildSettings = {
				ALWAYS_EMBED_SWIFT_STANDARD_LIBRARIES = YES;
				BUNDLE_LOADER = "$(TEST_HOST)";
				CODE_SIGN_STYLE = Automatic;
				CURRENT_PROJECT_VERSION = 1;
				DEVELOPMENT_TEAM = G6ZH4S44WH;
				GENERATE_INFOPLIST_FILE = YES;
				IPHONEOS_DEPLOYMENT_TARGET = 16.4;
				MARKETING_VERSION = 1.0;
				PRODUCT_BUNDLE_IDENTIFIER = com.aquicreamos.portfolioTests;
				PRODUCT_NAME = "$(TARGET_NAME)";
				SWIFT_EMIT_LOC_STRINGS = NO;
				SWIFT_VERSION = 5.0;
				TARGETED_DEVICE_FAMILY = "1,2";
				TEST_HOST = "$(BUILT_PRODUCTS_DIR)/portfolio.app/$(BUNDLE_EXECUTABLE_FOLDER_PATH)/portfolio";
			};
			name = Debug;
		};
		C13D4A122EAD483F005C30E4 /* Release */ = {
			isa = XCBuildConfiguration;
			buildSettings = {
				ALWAYS_EMBED_SWIFT_STANDARD_LIBRARIES = YES;
				BUNDLE_LOADER = "$(TEST_HOST)";
				CODE_SIGN_STYLE = Automatic;
				CURRENT_PROJECT_VERSION = 1;
				DEVELOPMENT_TEAM = G6ZH4S44WH;
				GENERATE_INFOPLIST_FILE = YES;
				IPHONEOS_DEPLOYMENT_TARGET = 16.4;
				MARKETING_VERSION = 1.0;
				PRODUCT_BUNDLE_IDENTIFIER = com.aquicreamos.portfolioTests;
				PRODUCT_NAME = "$(TARGET_NAME)";
				SWIFT_EMIT_LOC_STRINGS = NO;
				SWIFT_VERSION = 5.0;
				TARGETED_DEVICE_FAMILY = "1,2";
				TEST_HOST = "$(BUILT_PRODUCTS_DIR)/portfolio.app/$(BUNDLE_EXECUTABLE_FOLDER_PATH)/portfolio";
			};
			name = Release;
		};
		C13D4A142EAD483F005C30E4 /* Debug */ = {
			isa = XCBuildConfiguration;
			buildSettings = {
				ALWAYS_EMBED_SWIFT_STANDARD_LIBRARIES = YES;
				CODE_SIGN_STYLE = Automatic;
				CURRENT_PROJECT_VERSION = 1;
				DEVELOPMENT_TEAM = G6ZH4S44WH;
				GENERATE_INFOPLIST_FILE = YES;
				MARKETING_VERSION = 1.0;
				PRODUCT_BUNDLE_IDENTIFIER = com.aquicreamos.portfolioUITests;
				PRODUCT_NAME = "$(TARGET_NAME)";
				SWIFT_EMIT_LOC_STRINGS = NO;
				SWIFT_VERSION = 5.0;
				TARGETED_DEVICE_FAMILY = "1,2";
				TEST_TARGET_NAME = portfolio;
			};
			name = Debug;
		};
		C13D4A152EAD483F005C30E4 /* Release */ = {
			isa = XCBuildConfiguration;
			buildSettings = {
				ALWAYS_EMBED_SWIFT_STANDARD_LIBRARIES = YES;
				CODE_SIGN_STYLE = Automatic;
				CURRENT_PROJECT_VERSION = 1;
				DEVELOPMENT_TEAM = G6ZH4S44WH;
				GENERATE_INFOPLIST_FILE = YES;
				MARKETING_VERSION = 1.0;
				PRODUCT_BUNDLE_IDENTIFIER = com.aquicreamos.portfolioUITests;
				PRODUCT_NAME = "$(TARGET_NAME)";
				SWIFT_EMIT_LOC_STRINGS = NO;
				SWIFT_VERSION = 5.0;
				TARGETED_DEVICE_FAMILY = "1,2";
				TEST_TARGET_NAME = portfolio;
			};
			name = Release;
		};
/* End XCBuildConfiguration section */

/* Begin XCConfigurationList section */
		C13D49E42EAD483C005C30E4 /* Build configuration list for PBXProject "portfolio" */ = {
			isa = XCConfigurationList;
			buildConfigurations = (
				C13D4A0B2EAD483F005C30E4 /* Debug */,
				C13D4A0C2EAD483F005C30E4 /* Release */,
			);
			defaultConfigurationIsVisible = 0;
			defaultConfigurationName = Release;
		};
		C13D4A0D2EAD483F005C30E4 /* Build configuration list for PBXNativeTarget "portfolio" */ = {
			isa = XCConfigurationList;
			buildConfigurations = (
				C13D4A0E2EAD483F005C30E4 /* Debug */,
				C13D4A0F2EAD483F005C30E4 /* Release */,
			);
			defaultConfigurationIsVisible = 0;
			defaultConfigurationName = Release;
		};
		C13D4A102EAD483F005C30E4 /* Build configuration list for PBXNativeTarget "portfolioTests" */ = {
			isa = XCConfigurationList;
			buildConfigurations = (
				C13D4A112EAD483F005C30E4 /* Debug */,
				C13D4A122EAD483F005C30E4 /* Release */,
			);
			defaultConfigurationIsVisible = 0;
			defaultConfigurationName = Release;
		};
		C13D4A132EAD483F005C30E4 /* Build configuration list for PBXNativeTarget "portfolioUITests" */ = {
			isa = XCConfigurationList;
			buildConfigurations = (
				C13D4A142EAD483F005C30E4 /* Debug */,
				C13D4A152EAD483F005C30E4 /* Release */,
			);
			defaultConfigurationIsVisible = 0;
			defaultConfigurationName = Release;
		};
/* End XCConfigurationList section */
	};
	rootObject = C13D49E12EAD483C005C30E4 /* Project object */;
}
